
Microsoft Visual Studio Solution File, Format Version 12.00
# Visual Studio 15
VisualStudioVersion = 15.0.28307.1145
MinimumVisualStudioVersion = 10.0.40219.1
Project("{9A19103F-16F7-4668-BE54-9A1E7A4F7556}") = "Application", "Application\Application.csproj", "{CC7AB9D0-C531-4946-8F68-2CCFF7268711}"
EndProject
Project("{9A19103F-16F7-4668-BE54-9A1E7A4F7556}") = "Config", "Config\Config.csproj", "{BF3EA7BE-1C9B-442D-BCE9-25124FA2451B}"
EndProject
Project("{9A19103F-16F7-4668-BE54-9A1E7A4F7556}") = "Web.Api", "Web.Api\Web.Api.csproj", "{F3A46954-C34C-4A32-9CB3-2A166C33C080}"
EndProject
Project("{9A19103F-16F7-4668-BE54-9A1E7A4F7556}") = "Test.Common", "Test.Common\Test.Common.csproj", "{3688A214-FFDA-45BB-99EA-F5A0793FFBCD}"
EndProject
Project("{9A19103F-16F7-4668-BE54-9A1E7A4F7556}") = "Config.Test", "Config.Test\Config.Test.csproj", "{03FBE2C1-CBD9-47E7-8A07-53866262741D}"
EndProject
Project("{9A19103F-16F7-4668-BE54-9A1E7A4F7556}") = "Infrastructure.Write", "Infrastructure.Write\Infrastructure.Write.csproj", "{1E9EAC51-687E-4E88-B9C7-4A2E9D3E4286}"
EndProject
Project("{9A19103F-16F7-4668-BE54-9A1E7A4F7556}") = "Infrastructure.Read", "Infrastructure.Read\Infrastructure.Read.csproj", "{119486B0-2F48-41A8-96AD-41C97C615CBD}"
EndProject
Project("{9A19103F-16F7-4668-BE54-9A1E7A4F7556}") = "Infrastructure.Write.Test", "Infrastructure.Write.Test\Infrastructure.Write.Test.csproj", "{23B5FFA8-A926-42A1-AC85-720C78B0A721}"
EndProject
Project("{9A19103F-16F7-4668-BE54-9A1E7A4F7556}") = "Infrastructure.Read.Test", "Infrastructure.Read.Test\Infrastructure.Read.Test.csproj", "{1CBFB3B8-EE71-4E5D-92F5-F650B33E1D9B}"
EndProject
Project("{9A19103F-16F7-4668-BE54-9A1E7A4F7556}") = "Infrastructure.Core", "Core\Infrastructure.Core.csproj", "{C56CAE00-19B9-4170-B475-D9187ED4C24A}"
EndProject
Project("{9A19103F-16F7-4668-BE54-9A1E7A4F7556}") = "Infrastructure.Core.Test", "Core.Test\Infrastructure.Core.Test.csproj", "{D2C755C3-CBF1-4D66-AC00-D8CC21F04228}"
	ProjectSection(ProjectDependencies) = postProject
		{3688A214-FFDA-45BB-99EA-F5A0793FFBCD} = {3688A214-FFDA-45BB-99EA-F5A0793FFBCD}
	EndProjectSection
EndProject
Project("{9A19103F-16F7-4668-BE54-9A1E7A4F7556}") = "Domain", "Domain\Domain.csproj", "{71D39C38-6ED1-468F-BBBE-AF7FFEEDA0F0}"
EndProject
Project("{9A19103F-16F7-4668-BE54-9A1E7A4F7556}") = "Application.Test", "Application.Test\Application.Test.csproj", "{2D0A1727-32DD-4DDE-A7D1-FAB438359C8B}"
EndProject
Project("{9A19103F-16F7-4668-BE54-9A1E7A4F7556}") = "Test.Infrastructure.Common", "Test.Infrastructure.Common\Test.Infrastructure.Common.csproj", "{8EEBFEBB-66DE-4A96-88AA-2DC4D776450E}"
EndProject
Project("{FAE04EC0-301F-11D3-BF4B-00C04F79EFBC}") = "Infrastructure.Migrations", "Infrastructure.Migrations\Infrastructure.Migrations.csproj", "{7B6CE439-A89C-4511-A02C-8B8B6D9B5B84}"
EndProject
Global
	GlobalSection(SolutionConfigurationPlatforms) = preSolution
		Debug|Any CPU = Debug|Any CPU
		Release|Any CPU = Release|Any CPU
	EndGlobalSection
	GlobalSection(ProjectConfigurationPlatforms) = postSolution
		{CC7AB9D0-C531-4946-8F68-2CCFF7268711}.Debug|Any CPU.ActiveCfg = Debug|Any CPU
		{CC7AB9D0-C531-4946-8F68-2CCFF7268711}.Debug|Any CPU.Build.0 = Debug|Any CPU
		{CC7AB9D0-C531-4946-8F68-2CCFF7268711}.Release|Any CPU.ActiveCfg = Release|Any CPU
		{CC7AB9D0-C531-4946-8F68-2CCFF7268711}.Release|Any CPU.Build.0 = Release|Any CPU
		{BF3EA7BE-1C9B-442D-BCE9-25124FA2451B}.Debug|Any CPU.ActiveCfg = Debug|Any CPU
		{BF3EA7BE-1C9B-442D-BCE9-25124FA2451B}.Debug|Any CPU.Build.0 = Debug|Any CPU
		{BF3EA7BE-1C9B-442D-BCE9-25124FA2451B}.Release|Any CPU.ActiveCfg = Release|Any CPU
		{BF3EA7BE-1C9B-442D-BCE9-25124FA2451B}.Release|Any CPU.Build.0 = Release|Any CPU
		{F3A46954-C34C-4A32-9CB3-2A166C33C080}.Debug|Any CPU.ActiveCfg = Debug|Any CPU
		{F3A46954-C34C-4A32-9CB3-2A166C33C080}.Debug|Any CPU.Build.0 = Debug|Any CPU
		{F3A46954-C34C-4A32-9CB3-2A166C33C080}.Release|Any CPU.ActiveCfg = Release|Any CPU
		{F3A46954-C34C-4A32-9CB3-2A166C33C080}.Release|Any CPU.Build.0 = Release|Any CPU
		{3688A214-FFDA-45BB-99EA-F5A0793FFBCD}.Debug|Any CPU.ActiveCfg = Debug|Any CPU
		{3688A214-FFDA-45BB-99EA-F5A0793FFBCD}.Debug|Any CPU.Build.0 = Debug|Any CPU
		{3688A214-FFDA-45BB-99EA-F5A0793FFBCD}.Release|Any CPU.ActiveCfg = Release|Any CPU
		{3688A214-FFDA-45BB-99EA-F5A0793FFBCD}.Release|Any CPU.Build.0 = Release|Any CPU
		{03FBE2C1-CBD9-47E7-8A07-53866262741D}.Debug|Any CPU.ActiveCfg = Debug|Any CPU
		{03FBE2C1-CBD9-47E7-8A07-53866262741D}.Debug|Any CPU.Build.0 = Debug|Any CPU
		{03FBE2C1-CBD9-47E7-8A07-53866262741D}.Release|Any CPU.ActiveCfg = Release|Any CPU
		{03FBE2C1-CBD9-47E7-8A07-53866262741D}.Release|Any CPU.Build.0 = Release|Any CPU
		{1E9EAC51-687E-4E88-B9C7-4A2E9D3E4286}.Debug|Any CPU.ActiveCfg = Debug|Any CPU
		{1E9EAC51-687E-4E88-B9C7-4A2E9D3E4286}.Debug|Any CPU.Build.0 = Debug|Any CPU
		{1E9EAC51-687E-4E88-B9C7-4A2E9D3E4286}.Release|Any CPU.ActiveCfg = Release|Any CPU
		{1E9EAC51-687E-4E88-B9C7-4A2E9D3E4286}.Release|Any CPU.Build.0 = Release|Any CPU
		{119486B0-2F48-41A8-96AD-41C97C615CBD}.Debug|Any CPU.ActiveCfg = Debug|Any CPU
		{119486B0-2F48-41A8-96AD-41C97C615CBD}.Debug|Any CPU.Build.0 = Debug|Any CPU
		{119486B0-2F48-41A8-96AD-41C97C615CBD}.Release|Any CPU.ActiveCfg = Release|Any CPU
		{119486B0-2F48-41A8-96AD-41C97C615CBD}.Release|Any CPU.Build.0 = Release|Any CPU
		{23B5FFA8-A926-42A1-AC85-720C78B0A721}.Debug|Any CPU.ActiveCfg = Debug|Any CPU
		{23B5FFA8-A926-42A1-AC85-720C78B0A721}.Debug|Any CPU.Build.0 = Debug|Any CPU
		{23B5FFA8-A926-42A1-AC85-720C78B0A721}.Release|Any CPU.ActiveCfg = Release|Any CPU
		{23B5FFA8-A926-42A1-AC85-720C78B0A721}.Release|Any CPU.Build.0 = Release|Any CPU
		{1CBFB3B8-EE71-4E5D-92F5-F650B33E1D9B}.Debug|Any CPU.ActiveCfg = Debug|Any CPU
		{1CBFB3B8-EE71-4E5D-92F5-F650B33E1D9B}.Debug|Any CPU.Build.0 = Debug|Any CPU
		{1CBFB3B8-EE71-4E5D-92F5-F650B33E1D9B}.Release|Any CPU.ActiveCfg = Release|Any CPU
		{1CBFB3B8-EE71-4E5D-92F5-F650B33E1D9B}.Release|Any CPU.Build.0 = Release|Any CPU
		{C56CAE00-19B9-4170-B475-D9187ED4C24A}.Debug|Any CPU.ActiveCfg = Debug|Any CPU
		{C56CAE00-19B9-4170-B475-D9187ED4C24A}.Debug|Any CPU.Build.0 = Debug|Any CPU
		{C56CAE00-19B9-4170-B475-D9187ED4C24A}.Release|Any CPU.ActiveCfg = Release|Any CPU
		{C56CAE00-19B9-4170-B475-D9187ED4C24A}.Release|Any CPU.Build.0 = Release|Any CPU
		{D2C755C3-CBF1-4D66-AC00-D8CC21F04228}.Debug|Any CPU.ActiveCfg = Debug|Any CPU
		{D2C755C3-CBF1-4D66-AC00-D8CC21F04228}.Debug|Any CPU.Build.0 = Debug|Any CPU
		{D2C755C3-CBF1-4D66-AC00-D8CC21F04228}.Release|Any CPU.ActiveCfg = Release|Any CPU
		{D2C755C3-CBF1-4D66-AC00-D8CC21F04228}.Release|Any CPU.Build.0 = Release|Any CPU
		{71D39C38-6ED1-468F-BBBE-AF7FFEEDA0F0}.Debug|Any CPU.ActiveCfg = Debug|Any CPU
		{71D39C38-6ED1-468F-BBBE-AF7FFEEDA0F0}.Debug|Any CPU.Build.0 = Debug|Any CPU
		{71D39C38-6ED1-468F-BBBE-AF7FFEEDA0F0}.Release|Any CPU.ActiveCfg = Release|Any CPU
		{71D39C38-6ED1-468F-BBBE-AF7FFEEDA0F0}.Release|Any CPU.Build.0 = Release|Any CPU
		{2D0A1727-32DD-4DDE-A7D1-FAB438359C8B}.Debug|Any CPU.ActiveCfg = Debug|Any CPU
		{2D0A1727-32DD-4DDE-A7D1-FAB438359C8B}.Debug|Any CPU.Build.0 = Debug|Any CPU
		{2D0A1727-32DD-4DDE-A7D1-FAB438359C8B}.Release|Any CPU.ActiveCfg = Release|Any CPU
		{2D0A1727-32DD-4DDE-A7D1-FAB438359C8B}.Release|Any CPU.Build.0 = Release|Any CPU
		{8EEBFEBB-66DE-4A96-88AA-2DC4D776450E}.Debug|Any CPU.ActiveCfg = Debug|Any CPU
		{8EEBFEBB-66DE-4A96-88AA-2DC4D776450E}.Debug|Any CPU.Build.0 = Debug|Any CPU
		{8EEBFEBB-66DE-4A96-88AA-2DC4D776450E}.Release|Any CPU.ActiveCfg = Release|Any CPU
		{8EEBFEBB-66DE-4A96-88AA-2DC4D776450E}.Release|Any CPU.Build.0 = Release|Any CPU
		{7B6CE439-A89C-4511-A02C-8B8B6D9B5B84}.Debug|Any CPU.ActiveCfg = Debug|Any CPU
		{7B6CE439-A89C-4511-A02C-8B8B6D9B5B84}.Debug|Any CPU.Build.0 = Debug|Any CPU
		{7B6CE439-A89C-4511-A02C-8B8B6D9B5B84}.Release|Any CPU.ActiveCfg = Release|Any CPU
		{7B6CE439-A89C-4511-A02C-8B8B6D9B5B84}.Release|Any CPU.Build.0 = Release|Any CPU
	EndGlobalSection
	GlobalSection(SolutionProperties) = preSolution
		HideSolutionNode = FALSE
	EndGlobalSection
	GlobalSection(ExtensibilityGlobals) = postSolution
		SolutionGuid = {978CFC07-F6F8-4984-835F-D27A2252D0BF}
	EndGlobalSection
EndGlobal
